{
  "nodes": {
    "base16-schemes": {
      "flake": false,
      "locked": {
        "lastModified": 1696158499,
        "narHash": "sha256-5yIHgDTPjoX/3oDEfLSQ0eJZdFL1SaCfb9d6M0RmOTM=",
        "owner": "tinted-theming",
        "repo": "base16-schemes",
        "rev": "a9112eaae86d9dd8ee6bb9445b664fba2f94037a",
        "type": "github"
      },
      "original": {
        "owner": "tinted-theming",
        "repo": "base16-schemes",
        "type": "github"
      }
    },
    "blueprint": {
      "inputs": {
        "nixpkgs": [
          "nix-ai-tools",
          "nixpkgs"
        ],
        "systems": "systems"
      },
      "locked": {
        "lastModified": 1763308703,
        "narHash": "sha256-O9Y+Wer8wOh+N+4kcCK5p/VLrXyX+ktk0/s3HdZvJzk=",
        "owner": "numtide",
        "repo": "blueprint",
        "rev": "5a9bba070f801d63e2af3c9ef00b86b212429f4f",
        "type": "github"
      },
      "original": {
        "owner": "numtide",
        "repo": "blueprint",
        "type": "github"
      }
    },
    "flake-parts": {
      "inputs": {
        "nixpkgs-lib": [
          "nur",
          "nixpkgs"
        ]
      },
      "locked": {
        "lastModified": 1733312601,
        "narHash": "sha256-4pDvzqnegAfRkPwO3wmwBhVi/Sye1mzps0zHWYnP88c=",
        "owner": "hercules-ci",
        "repo": "flake-parts",
        "rev": "205b12d8b7cd4802fbcb8e8ef6a0f1408781a4f9",
        "type": "github"
      },
      "original": {
        "owner": "hercules-ci",
        "repo": "flake-parts",
        "type": "github"
      }
    },
    "flake-parts_2": {
      "inputs": {
        "nixpkgs-lib": "nixpkgs-lib_2"
      },
      "locked": {
        "lastModified": 1762980239,
        "narHash": "sha256-8oNVE8TrD19ulHinjaqONf9QWCKK+w4url56cdStMpM=",
        "owner": "hercules-ci",
        "repo": "flake-parts",
        "rev": "52a2caecc898d0b46b2b905f058ccc5081f842da",
        "type": "github"
      },
      "original": {
        "owner": "hercules-ci",
        "repo": "flake-parts",
        "type": "github"
      }
    },
    "hm-ricing-mode": {
      "inputs": {
        "nixpkgs": "nixpkgs"
      },
      "locked": {
        "lastModified": 1764340891,
        "narHash": "sha256-OYR4LtJ7pMJ2hqkcGgeeYJ4wK1PY/Q1T6qCL9zWZUXM=",
        "owner": "mipmip",
        "repo": "hm-ricing-mode",
        "rev": "a17f3a1ec51eef0b8581554cab7e86641327c650",
        "type": "github"
      },
      "original": {
        "owner": "mipmip",
        "repo": "hm-ricing-mode",
        "type": "github"
      }
    },
    "home-manager": {
      "inputs": {
        "nixpkgs": [
          "nixpkgs"
        ]
      },
      "locked": {
        "lastModified": 1766387499,
        "narHash": "sha256-AjK3/UKDzeXFeYNLVBaJ3+HLE9he1g5UrlNd4/BM3eA=",
        "owner": "nix-community",
        "repo": "home-manager",
        "rev": "527ad07e6625302b648ed3b28c34b62a79bd103e",
        "type": "github"
      },
      "original": {
        "owner": "nix-community",
        "repo": "home-manager",
        "type": "github"
      }
    },
    "nix-ai-tools": {
      "inputs": {
        "blueprint": "blueprint",
        "nixpkgs": "nixpkgs_2",
        "treefmt-nix": "treefmt-nix"
      },
      "locked": {
        "lastModified": 1766412648,
        "narHash": "sha256-ByG0WxXRbnaRgyuwNzx0lNdQJijHd6AihkEcSdgUvmw=",
        "owner": "numtide",
        "repo": "nix-ai-tools",
        "rev": "584cf4e96db4222c2a62216b9c85fe101918dd0a",
        "type": "github"
      },
      "original": {
        "owner": "numtide",
        "repo": "nix-ai-tools",
        "type": "github"
      }
    },
    "nix-colors": {
      "inputs": {
        "base16-schemes": "base16-schemes",
        "nixpkgs-lib": "nixpkgs-lib"
      },
      "locked": {
        "lastModified": 1707825078,
        "narHash": "sha256-hTfge2J2W+42SZ7VHXkf4kjU+qzFqPeC9k66jAUBMHk=",
        "owner": "misterio77",
        "repo": "nix-colors",
        "rev": "b01f024090d2c4fc3152cd0cf12027a7b8453ba1",
        "type": "github"
      },
      "original": {
        "owner": "misterio77",
        "repo": "nix-colors",
        "type": "github"
      }
    },
    "nix-yazi-flavors": {
      "inputs": {
        "nixpkgs": [
          "nixpkgs"
        ],
        "systems": "systems_2"
      },
      "locked": {
        "lastModified": 1758494789,
        "narHash": "sha256-jNqW/LxFz5jz5sBtxHn//q5TQuiS2t5b8jqU9xm2V78=",
        "owner": "aguirre-matteo",
        "repo": "nix-yazi-flavors",
        "rev": "4a02f027c97f83cfc1036618c1d718017d3d331b",
        "type": "github"
      },
      "original": {
        "owner": "aguirre-matteo",
        "repo": "nix-yazi-flavors",
        "type": "github"
      }
    },
    "nixCats": {
      "locked": {
        "lastModified": 1764009888,
        "narHash": "sha256-hJekfTiW1792txgRSM4LcHnz1lDSY87LYbsJEn2V378=",
        "owner": "BirdeeHub",
        "repo": "nixCats-nvim",
        "rev": "16ac3281f322ea15d39843829e42a44d22da3715",
        "type": "github"
      },
      "original": {
        "owner": "BirdeeHub",
        "repo": "nixCats-nvim",
        "type": "github"
      }
    },
    "nixpkgs": {
      "locked": {
        "lastModified": 1742493529,
        "narHash": "sha256-VJ9BZ52tjJSicVvPD5fJZuM3JmcGt9DQIJTVPLRGL58=",
        "owner": "NixOS",
        "repo": "nixpkgs",
        "rev": "750fef2a6310c764911e49a04c88d7c3c6d88585",
        "type": "github"
      },
      "original": {
        "owner": "NixOS",
        "repo": "nixpkgs",
        "type": "github"
      }
    },
    "nixpkgs-lib": {
      "locked": {
        "lastModified": 1697935651,
        "narHash": "sha256-qOfWjQ2JQSQL15KLh6D7xQhx0qgZlYZTYlcEiRuAMMw=",
        "owner": "nix-community",
        "repo": "nixpkgs.lib",
        "rev": "e1e11fdbb01113d85c7f41cada9d2847660e3902",
        "type": "github"
      },
      "original": {
        "owner": "nix-community",
        "repo": "nixpkgs.lib",
        "type": "github"
      }
    },
    "nixpkgs-lib_2": {
      "locked": {
        "lastModified": 1761765539,
        "narHash": "sha256-b0yj6kfvO8ApcSE+QmA6mUfu8IYG6/uU28OFn4PaC8M=",
        "owner": "nix-community",
        "repo": "nixpkgs.lib",
        "rev": "719359f4562934ae99f5443f20aa06c2ffff91fc",
        "type": "github"
      },
      "original": {
        "owner": "nix-community",
        "repo": "nixpkgs.lib",
        "type": "github"
      }
    },
    "nixpkgs_2": {
      "locked": {
        "lastModified": 1766125104,
        "narHash": "sha256-l/YGrEpLromL4viUo5GmFH3K5M1j0Mb9O+LiaeCPWEM=",
        "owner": "NixOS",
        "repo": "nixpkgs",
        "rev": "7d853e518814cca2a657b72eeba67ae20ebf7059",
        "type": "github"
      },
      "original": {
        "owner": "NixOS",
        "ref": "nixpkgs-unstable",
        "repo": "nixpkgs",
        "type": "github"
      }
    },
    "nixpkgs_3": {
      "locked": {
        "lastModified": 1766314097,
        "narHash": "sha256-laJftWbghBehazn/zxVJ8NdENVgjccsWAdAqKXhErrM=",
        "owner": "nixos",
        "repo": "nixpkgs",
        "rev": "306ea70f9eb0fb4e040f8540e2deab32ed7e2055",
        "type": "github"
      },
      "original": {
        "owner": "nixos",
        "ref": "nixpkgs-unstable",
        "repo": "nixpkgs",
        "type": "github"
      }
    },
    "nixpkgs_4": {
      "locked": {
        "lastModified": 1765772535,
        "narHash": "sha256-aq+dQoaPONOSjtFIBnAXseDm9TUhIbe215TPmkfMYww=",
        "owner": "nixos",
        "repo": "nixpkgs",
        "rev": "09b8fda8959d761445f12b55f380d90375a1d6bb",
        "type": "github"
      },
      "original": {
        "owner": "nixos",
        "ref": "nixpkgs-unstable",
        "repo": "nixpkgs",
        "type": "github"
      }
    },
    "nur": {
      "inputs": {
        "flake-parts": "flake-parts",
        "nixpkgs": [
          "nixpkgs"
        ]
      },
      "locked": {
        "lastModified": 1766256167,
        "narHash": "sha256-KEaIZT5R9KftLGaZHJxJgR7M/XLwYGpvbgwIIPoJFu8=",
        "owner": "nix-community",
        "repo": "NUR",
        "rev": "51d3347e63a34996f35275c77372eeafaa11e0ed",
        "type": "github"
      },
      "original": {
        "owner": "nix-community",
        "repo": "NUR",
        "type": "github"
      }
    },
    "nvim-inogai": {
      "inputs": {
        "nixCats": "nixCats",
        "nixpkgs": "nixpkgs_4",
        "plugins-indent-rainbowline.nvim": "plugins-indent-rainbowline.nvim",
        "plugins-moegi.nvim": "plugins-moegi.nvim",
        "plugins-opencode.nvim": "plugins-opencode.nvim"
      },
      "locked": {
        "lastModified": 1765899099,
        "narHash": "sha256-bFn7ORC/5Izs0z7/Gt19CSWZGwkXbl2DY7FNeE4W9o4=",
        "owner": "inogai",
        "repo": "nvim-inogai",
        "rev": "ddc56fa91dd743da2124f9e8ac1999e55f5b6991",
        "type": "github"
      },
      "original": {
        "owner": "inogai",
        "repo": "nvim-inogai",
        "type": "github"
      }
    },
    "plugins-indent-rainbowline.nvim": {
      "flake": false,
      "locked": {
        "lastModified": 1733179713,
        "narHash": "sha256-dSXNtbyPY5ZWT/RCYsmy/swgErJm7zSfaDd5J+15wYc=",
        "owner": "TheGLander",
        "repo": "indent-rainbowline.nvim",
        "rev": "572e8157de85d7af3f0085b5c74c059518900649",
        "type": "github"
      },
      "original": {
        "owner": "TheGLander",
        "repo": "indent-rainbowline.nvim",
        "type": "github"
      }
    },
    "plugins-moegi.nvim": {
      "flake": false,
      "locked": {
        "lastModified": 1764306923,
        "narHash": "sha256-76fK6OkzCXKy9XHtCJW9ijyCuXIkz8oX8Xqn06C4T+A=",
        "owner": "inogai",
        "repo": "moegi.nvim",
        "rev": "2202fcb6ec8789e0f80700832fdd12aa006e5875",
        "type": "github"
      },
      "original": {
        "owner": "inogai",
        "ref": "dev",
        "repo": "moegi.nvim",
        "type": "github"
      }
    },
    "plugins-opencode.nvim": {
      "flake": false,
      "locked": {
        "lastModified": 1765572088,
        "narHash": "sha256-JBzw4KWNDGINLwzZldUYJIFp8UfKtgZapeR0yeGlXXc=",
        "owner": "NickvanDyke",
        "repo": "opencode.nvim",
        "rev": "b985ecf18a9830c7c6107fd51360180e1fae59d8",
        "type": "github"
      },
      "original": {
        "owner": "NickvanDyke",
        "repo": "opencode.nvim",
        "type": "github"
      }
    },
    "root": {
      "inputs": {
        "hm-ricing-mode": "hm-ricing-mode",
        "home-manager": "home-manager",
        "nix-ai-tools": "nix-ai-tools",
        "nix-colors": "nix-colors",
        "nix-yazi-flavors": "nix-yazi-flavors",
        "nixpkgs": "nixpkgs_3",
        "nur": "nur",
        "nvim-inogai": "nvim-inogai",
        "sbar-inogai": "sbar-inogai"
      }
    },
    "sbar-inogai": {
      "inputs": {
        "flake-parts": "flake-parts_2",
        "nixpkgs": [
          "nixpkgs"
        ]
      },
      "locked": {
        "lastModified": 1764742039,
        "narHash": "sha256-2Z1GE6nQ+skOq7oERliiGUDJOkezlQ6ODMWxIOYzTik=",
        "owner": "inogai",
        "repo": "sbar-inogai",
        "rev": "a493db3f40ee2df00cfb63b222ed7341f5102bdb",
        "type": "github"
      },
      "original": {
        "owner": "inogai",
        "repo": "sbar-inogai",
        "type": "github"
      }
    },
    "systems": {
      "locked": {
        "lastModified": 1681028828,
        "narHash": "sha256-Vy1rq5AaRuLzOxct8nz4T6wlgyUR7zLU309k9mBC768=",
        "owner": "nix-systems",
        "repo": "default",
        "rev": "da67096a3b9bf56a91d16901293e51ba5b49a27e",
        "type": "github"
      },
      "original": {
        "owner": "nix-systems",
        "repo": "default",
        "type": "github"
      }
    },
    "systems_2": {
      "locked": {
        "lastModified": 1681028828,
        "narHash": "sha256-Vy1rq5AaRuLzOxct8nz4T6wlgyUR7zLU309k9mBC768=",
        "owner": "nix-systems",
        "repo": "default",
        "rev": "da67096a3b9bf56a91d16901293e51ba5b49a27e",
        "type": "github"
      },
      "original": {
        "owner": "nix-systems",
        "repo": "default",
        "type": "github"
      }
    },
    "treefmt-nix": {
      "inputs": {
        "nixpkgs": [
          "nix-ai-tools",
          "nixpkgs"
        ]
      },
      "locked": {
        "lastModified": 1766000401,
        "narHash": "sha256-+cqN4PJz9y0JQXfAK5J1drd0U05D5fcAGhzhfVrDlsI=",
        "owner": "numtide",
        "repo": "treefmt-nix",
        "rev": "42d96e75aa56a3f70cab7e7dc4a32868db28e8fd",
        "type": "github"
      },
      "original": {
        "owner": "numtide",
        "repo": "treefmt-nix",
        "type": "github"
      }
    }
  },
  "root": "root",
  "version": 7
}
